
Microsoft Visual Studio Solution File, Format Version 12.00
# Visual Studio 15
VisualStudioVersion = 15.0.27004.2005
MinimumVisualStudioVersion = 10.0.40219.1
Project("{FAE04EC0-301F-11D3-BF4B-00C04F79EFBC}") = "Pos.Arquitetura.Simulador.IoT.API", "Pos.Arquitetura.Simulador.IoT.API\Pos.Arquitetura.Simulador.IoT.API.csproj", "{B2F4E087-BCDA-4527-BA45-95F82A36D45B}"
EndProject
Project("{E53339B2-1760-4266-BCC7-CA923CBCF16C}") = "docker-compose", "docker-compose.dcproj", "{19E33835-1DB9-4A46-8F94-903C03719BE5}"
EndProject
Project("{FAE04EC0-301F-11D3-BF4B-00C04F79EFBC}") = "Pos.Arquitetura.Simulador.IoT.Model", "Pos.Arquitetura.Simulador.IoT.Model\Pos.Arquitetura.Simulador.IoT.Model.csproj", "{A196B06E-B478-4A24-B379-FDC833133844}"
EndProject
Project("{2150E333-8FDC-42A3-9474-1A3956D46DE8}") = "Mock", "Mock", "{7CE39FC0-749C-4BC1-856C-0C4609CCDBEC}"
EndProject
Project("{FAE04EC0-301F-11D3-BF4B-00C04F79EFBC}") = "Pos.Arquitetura.Simulador.IoT.Mock", "Pos.Arquitetura.Simulador.IoT.Mock\Pos.Arquitetura.Simulador.IoT.Mock.csproj", "{CEC68286-6DC1-40F0-8C40-12F6B9E6BCD2}"
EndProject
Global
	GlobalSection(SolutionConfigurationPlatforms) = preSolution
		Debug|Any CPU = Debug|Any CPU
		Release|Any CPU = Release|Any CPU
	EndGlobalSection
	GlobalSection(ProjectConfigurationPlatforms) = postSolution
		{B2F4E087-BCDA-4527-BA45-95F82A36D45B}.Debug|Any CPU.ActiveCfg = Debug|Any CPU
		{B2F4E087-BCDA-4527-BA45-95F82A36D45B}.Debug|Any CPU.Build.0 = Debug|Any CPU
		{B2F4E087-BCDA-4527-BA45-95F82A36D45B}.Release|Any CPU.ActiveCfg = Release|Any CPU
		{B2F4E087-BCDA-4527-BA45-95F82A36D45B}.Release|Any CPU.Build.0 = Release|Any CPU
		{19E33835-1DB9-4A46-8F94-903C03719BE5}.Debug|Any CPU.ActiveCfg = Debug|Any CPU
		{19E33835-1DB9-4A46-8F94-903C03719BE5}.Debug|Any CPU.Build.0 = Debug|Any CPU
		{19E33835-1DB9-4A46-8F94-903C03719BE5}.Release|Any CPU.ActiveCfg = Release|Any CPU
		{19E33835-1DB9-4A46-8F94-903C03719BE5}.Release|Any CPU.Build.0 = Release|Any CPU
		{A196B06E-B478-4A24-B379-FDC833133844}.Debug|Any CPU.ActiveCfg = Debug|Any CPU
		{A196B06E-B478-4A24-B379-FDC833133844}.Debug|Any CPU.Build.0 = Debug|Any CPU
		{A196B06E-B478-4A24-B379-FDC833133844}.Release|Any CPU.ActiveCfg = Release|Any CPU
		{A196B06E-B478-4A24-B379-FDC833133844}.Release|Any CPU.Build.0 = Release|Any CPU
		{CEC68286-6DC1-40F0-8C40-12F6B9E6BCD2}.Debug|Any CPU.ActiveCfg = Debug|Any CPU
		{CEC68286-6DC1-40F0-8C40-12F6B9E6BCD2}.Debug|Any CPU.Build.0 = Debug|Any CPU
		{CEC68286-6DC1-40F0-8C40-12F6B9E6BCD2}.Release|Any CPU.ActiveCfg = Release|Any CPU
		{CEC68286-6DC1-40F0-8C40-12F6B9E6BCD2}.Release|Any CPU.Build.0 = Release|Any CPU
	EndGlobalSection
	GlobalSection(SolutionProperties) = preSolution
		HideSolutionNode = FALSE
	EndGlobalSection
	GlobalSection(NestedProjects) = preSolution
		{CEC68286-6DC1-40F0-8C40-12F6B9E6BCD2} = {7CE39FC0-749C-4BC1-856C-0C4609CCDBEC}
	EndGlobalSection
	GlobalSection(ExtensibilityGlobals) = postSolution
		SolutionGuid = {B0646265-E9E0-4D82-BEF0-51BD8C8E5971}
	EndGlobalSection
EndGlobal
